// !$*UTF8*$!
{
	archiveVersion = 1;
	classes = {
	};
	objectVersion = 50;
	objects = {

/* Begin PBXBuildFile section */
		F94C388026FCEBB2002496C2 /* ContactAppSwiftUIApp.swift in Sources */ = {isa = PBXBuildFile; fileRef = F94C387F26FCEBB2002496C2 /* ContactAppSwiftUIApp.swift */; };
		F94C388226FCEBB2002496C2 /* ContentView.swift in Sources */ = {isa = PBXBuildFile; fileRef = F94C388126FCEBB2002496C2 /* ContentView.swift */; };
		F94C388426FCEBB7002496C2 /* Assets.xcassets in Resources */ = {isa = PBXBuildFile; fileRef = F94C388326FCEBB7002496C2 /* Assets.xcassets */; };
		F94C388726FCEBB7002496C2 /* Preview Assets.xcassets in Resources */ = {isa = PBXBuildFile; fileRef = F94C388626FCEBB7002496C2 /* Preview Assets.xcassets */; };
		F94C388F26FCF76E002496C2 /* DataManager.swift in Sources */ = {isa = PBXBuildFile; fileRef = F94C388E26FCF76E002496C2 /* DataManager.swift */; };
		F94C389126FCF785002496C2 /* Person.swift in Sources */ = {isa = PBXBuildFile; fileRef = F94C389026FCF785002496C2 /* Person.swift */; };
/* End PBXBuildFile section */

/* Begin PBXFileReference section */
		F94C387C26FCEBB2002496C2 /* ContactAppSwiftUI.app */ = {isa = PBXFileReference; explicitFileType = wrapper.application; includeInIndex = 0; path = ContactAppSwiftUI.app; sourceTree = BUILT_PRODUCTS_DIR; };
		F94C387F26FCEBB2002496C2 /* ContactAppSwiftUIApp.swift */ = {isa = PBXFileReference; lastKnownFileType = sourcecode.swift; path = ContactAppSwiftUIApp.swift; sourceTree = "<group>"; };
		F94C388126FCEBB2002496C2 /* ContentView.swift */ = {isa = PBXFileReference; lastKnownFileType = sourcecode.swift; path = ContentView.swift; sourceTree = "<group>"; };
		F94C388326FCEBB7002496C2 /* Assets.xcassets */ = {isa = PBXFileReference; lastKnownFileType = folder.assetcatalog; path = Assets.xcassets; sourceTree = "<group>"; };
		F94C388626FCEBB7002496C2 /* Preview Assets.xcassets */ = {isa = PBXFileReference; lastKnownFileType = folder.assetcatalog; path = "Preview Assets.xcassets"; sourceTree = "<group>"; };
		F94C388826FCEBB7002496C2 /* Info.plist */ = {isa = PBXFileReference; lastKnownFileType = text.plist.xml; path = Info.plist; sourceTree = "<group>"; };
		F94C388E26FCF76E002496C2 /* DataManager.swift */ = {isa = PBXFileReference; lastKnownFileType = sourcecode.swift; path = DataManager.swift; sourceTree = "<group>"; };
		F94C389026FCF785002496C2 /* Person.swift */ = {isa = PBXFileReference; lastKnownFileType = sourcecode.swift; path = Person.swift; sourceTree = "<group>"; };
/* End PBXFileReference section */

/* Begin PBXFrameworksBuildPhase section */
		F94C387926FCEBB2002496C2 /* Frameworks */ = {
			isa = PBXFrameworksBuildPhase;
			buildActionMask = 2147483647;
			files = (
			);
			runOnlyForDeploymentPostprocessing = 0;
		};
/* End PBXFrameworksBuildPhase section */

/* Begin PBXGroup section */
		F94C387326FCEBB2002496C2 = {
			isa = PBXGroup;
			children = (
				F94C387E26FCEBB2002496C2 /* ContactAppSwiftUI */,
				F94C387D26FCEBB2002496C2 /* Products */,
			);
			sourceTree = "<group>";
		};
		F94C387D26FCEBB2002496C2 /* Products */ = {
			isa = PBXGroup;
			children = (
				F94C387C26FCEBB2002496C2 /* ContactAppSwiftUI.app */,
			);
			name = Products;
			sourceTree = "<group>";
		};
		F94C387E26FCEBB2002496C2 /* ContactAppSwiftUI */ = {
			isa = PBXGroup;
			children = (
				F94C387F26FCEBB2002496C2 /* ContactAppSwiftUIApp.swift */,
				F94C388126FCEBB2002496C2 /* ContentView.swift */,
				F94C388E26FCF76E002496C2 /* DataManager.swift */,
				F94C389226FCF79F002496C2 /* Models */,
				F94C388326FCEBB7002496C2 /* Assets.xcassets */,
				F94C388826FCEBB7002496C2 /* Info.plist */,
				F94C388526FCEBB7002496C2 /* Preview Content */,
			);
			path = ContactAppSwiftUI;
			sourceTree = "<group>";
		};
		F94C388526FCEBB7002496C2 /* Preview Content */ = {
			isa = PBXGroup;
			children = (
				F94C388626FCEBB7002496C2 /* Preview Assets.xcassets */,
			);
			path = "Preview Content";
			sourceTree = "<group>";
		};
		F94C389226FCF79F002496C2 /* Models */ = {
			isa = PBXGroup;
			children = (
				F94C389026FCF785002496C2 /* Person.swift */,
			);
			path = Models;
			sourceTree = "<group>";
		};
/* End PBXGroup section */

/* Begin PBXNativeTarget section */
		F94C387B26FCEBB2002496C2 /* ContactAppSwiftUI */ = {
			isa = PBXNativeTarget;
			buildConfigurationList = F94C388B26FCEBB7002496C2 /* Build configuration list for PBXNativeTarget "ContactAppSwiftUI" */;
			buildPhases = (
				F94C387826FCEBB2002496C2 /* Sources */,
				F94C387926FCEBB2002496C2 /* Frameworks */,
				F94C387A26FCEBB2002496C2 /* Resources */,
			);
			buildRules = (
			);
			dependencies = (
			);
			name = ContactAppSwiftUI;
			productName = ContactAppSwiftUI;
			productReference = F94C387C26FCEBB2002496C2 /* ContactAppSwiftUI.app */;
			productType = "com.apple.product-type.application";
		};
/* End PBXNativeTarget section */

/* Begin PBXProject section */
		F94C387426FCEBB2002496C2 /* Project object */ = {
			isa = PBXProject;
			attributes = {
				LastSwiftUpdateCheck = 1250;
				LastUpgradeCheck = 1250;
				TargetAttributes = {
					F94C387B26FCEBB2002496C2 = {
						CreatedOnToolsVersion = 12.5.1;
					};
				};
			};
			buildConfigurationList = F94C387726FCEBB2002496C2 /* Build configuration list for PBXProject "ContactAppSwiftUI" */;
			compatibilityVersion = "Xcode 9.3";
			developmentRegion = en;
			hasScannedForEncodings = 0;
			knownRegions = (
				en,
				Base,
			);
			mainGroup = F94C387326FCEBB2002496C2;
			productRefGroup = F94C387D26FCEBB2002496C2 /* Products */;
			projectDirPath = "";
			projectRoot = "";
			targets = (
				F94C387B26FCEBB2002496C2 /* ContactAppSwiftUI */,
			);
		};
/* End PBXProject section */

/* Begin PBXResourcesBuildPhase section */
		F94C387A26FCEBB2002496C2 /* Resources */ = {
			isa = PBXResourcesBuildPhase;
			buildActionMask = 2147483647;
			files = (
				F94C388726FCEBB7002496C2 /* Preview Assets.xcassets in Resources */,
				F94C388426FCEBB7002496C2 /* Assets.xcassets in Resources */,
			);
			runOnlyForDeploymentPostprocessing = 0;
		};
/* End PBXResourcesBuildPhase section */

/* Begin PBXSourcesBuildPhase section */
		F94C387826FCEBB2002496C2 /* Sources */ = {
			isa = PBXSourcesBuildPhase;
			buildActionMask = 2147483647;
			files = (
				F94C388226FCEBB2002496C2 /* ContentView.swift in Sources */,
				F94C388F26FCF76E002496C2 /* DataManager.swift in Sources */,
				F94C389126FCF785002496C2 /* Person.swift in Sources */,
				F94C388026FCEBB2002496C2 /* ContactAppSwiftUIApp.swift in Sources */,
			);
			runOnlyForDeploymentPostprocessing = 0;
		};
/* End PBXSourcesBuildPhase section */

/* Begin XCBuildConfiguration section */
		F94C388926FCEBB7002496C2 /* Debug */ = {
			isa = XCBuildConfiguration;
			buildSettings = {
				ALWAYS_SEARCH_USER_PATHS = NO;
				CLANG_ANALYZER_NONNULL = YES;
				CLANG_ANALYZER_NUMBER_OBJECT_CONVERSION = YES_AGGRESSIVE;
				CLANG_CXX_LANGUAGE_STANDARD = "gnu++14";
				CLANG_CXX_LIBRARY = "libc++";
				CLANG_ENABLE_MODULES = YES;
				CLANG_ENABLE_OBJC_ARC = YES;
				CLANG_ENABLE_OBJC_WEAK = YES;
				CLANG_WARN_BLOCK_CAPTURE_AUTORELEASING = YES;
				CLANG_WARN_BOOL_CONVERSION = YES;
				CLANG_WARN_COMMA = YES;
				CLANG_WARN_CONSTANT_CONVERSION = YES;
				CLANG_WARN_DEPRECATED_OBJC_IMPLEMENTATIONS = YES;
				CLANG_WARN_DIRECT_OBJC_ISA_USAGE = YES_ERROR;
				CLANG_WARN_DOCUMENTATION_COMMENTS = YES;
				CLANG_WARN_EMPTY_BODY = YES;
				CLANG_WARN_ENUM_CONVERSION = YES;
				CLANG_WARN_INFINITE_RECURSION = YES;
				CLANG_WARN_INT_CONVERSION = YES;
				CLANG_WARN_NON_LITERAL_NULL_CONVERSION = YES;
				CLANG_WARN_OBJC_IMPLICIT_RETAIN_SELF = YES;
				CLANG_WARN_OBJC_LITERAL_CONVERSION = YES;
				CLANG_WARN_OBJC_ROOT_CLASS = YES_ERROR;
				CLANG_WARN_QUOTED_INCLUDE_IN_FRAMEWORK_HEADER = YES;
				CLANG_WARN_RANGE_LOOP_ANALYSIS = YES;
				CLANG_WARN_STRICT_PROTOTYPES = YES;
				CLANG_WARN_SUSPICIOUS_MOVE = YES;
				CLANG_WARN_UNGUARDED_AVAILABILITY = YES_AGGRESSIVE;
				CLANG_WARN_UNREACHABLE_CODE = YES;
				CLANG_WARN__DUPLICATE_METHOD_MATCH = YES;
				COPY_PHASE_STRIP = NO;
				DEBUG_INFORMATION_FORMAT = dwarf;
				ENABLE_STRICT_OBJC_MSGSEND = YES;
				ENABLE_TESTABILITY = YES;
				GCC_C_LANGUAGE_STANDARD = gnu11;
				GCC_DYNAMIC_NO_PIC = NO;
				GCC_NO_COMMON_BLOCKS = YES;
				GCC_OPTIMIZATION_LEVEL = 0;
				GCC_PREPROCESSOR_DEFINITIONS = (
					"DEBUG=1",
					"$(inherited)",
				);
				GCC_WARN_64_TO_32_BIT_CONVERSION = YES;
				GCC_WARN_ABOUT_RETURN_TYPE = YES_ERROR;
				GCC_WARN_UNDECLARED_SELECTOR = YES;
				GCC_WARN_UNINITIALIZED_AUTOS = YES_AGGRESSIVE;
				GCC_WARN_UNUSED_FUNCTION = YES;
				GCC_WARN_UNUSED_VARIABLE = YES;
				IPHONEOS_DEPLOYMENT_TARGET = 14.5;
				MTL_ENABLE_DEBUG_INFO = INCLUDE_SOURCE;
				MTL_FAST_MATH = YES;
				ONLY_ACTIVE_ARCH = YES;
				SDKROOT = iphoneos;
				SWIFT_ACTIVE_COMPILATION_CONDITIONS = DEBUG;
				SWIFT_OPTIMIZATION_LEVEL = "-Onone";
			};
			name = Debug;
		};
		F94C388A26FCEBB7002496C2 /* Release */ = {
			isa = XCBuildConfiguration;
			buildSettings = {
				ALWAYS_SEARCH_USER_PATHS = NO;
				CLANG_ANALYZER_NONNULL = YES;
				CLANG_ANALYZER_NUMBER_OBJECT_CONVERSION = YES_AGGRESSIVE;
				CLANG_CXX_LANGUAGE_STANDARD = "gnu++14";
				CLANG_CXX_LIBRARY = "libc++";
				CLANG_ENABLE_MODULES = YES;
				CLANG_ENABLE_OBJC_ARC = YES;
				CLANG_ENABLE_OBJC_WEAK = YES;
				CLANG_WARN_BLOCK_CAPTURE_AUTORELEASING = YES;
				CLANG_WARN_BOOL_CONVERSION = YES;
				CLANG_WARN_COMMA = YES;
				CLANG_WARN_CONSTANT_CONVERSION = YES;
				CLANG_WARN_DEPRECATED_OBJC_IMPLEMENTATIONS = YES;
				CLANG_WARN_DIRECT_OBJC_ISA_USAGE = YES_ERROR;
				CLANG_WARN_DOCUMENTATION_COMMENTS = YES;
				CLANG_WARN_EMPTY_BODY = YES;
				CLANG_WARN_ENUM_CONVERSION = YES;
				CLANG_WARN_INFINITE_RECURSION = YES;
				CLANG_WARN_INT_CONVERSION = YES;
				CLANG_WARN_NON_LITERAL_NULL_CONVERSION = YES;
				CLANG_WARN_OBJC_IMPLICIT_RETAIN_SELF = YES;
				CLANG_WARN_OBJC_LITERAL_CONVERSION = YES;
				CLANG_WARN_OBJC_ROOT_CLASS = YES_ERROR;
				CLANG_WARN_QUOTED_INCLUDE_IN_FRAMEWORK_HEADER = YES;
				CLANG_WARN_RANGE_LOOP_ANALYSIS = YES;
				CLANG_WARN_STRICT_PROTOTYPES = YES;
				CLANG_WARN_SUSPICIOUS_MOVE = YES;
				CLANG_WARN_UNGUARDED_AVAILABILITY = YES_AGGRESSIVE;
				CLANG_WARN_UNREACHABLE_CODE = YES;
				CLANG_WARN__DUPLICATE_METHOD_MATCH = YES;
				COPY_PHASE_STRIP = NO;
				DEBUG_INFORMATION_FORMAT = "dwarf-with-dsym";
				ENABLE_NS_ASSERTIONS = NO;
				ENABLE_STRICT_OBJC_MSGSEND = YES;
				GCC_C_LANGUAGE_STANDARD = gnu11;
				GCC_NO_COMMON_BLOCKS = YES;
				GCC_WARN_64_TO_32_BIT_CONVERSION = YES;
				GCC_WARN_ABOUT_RETURN_TYPE = YES_ERROR;
				GCC_WARN_UNDECLARED_SELECTOR = YES;
				GCC_WARN_UNINITIALIZED_AUTOS = YES_AGGRESSIVE;
				GCC_WARN_UNUSED_FUNCTION = YES;
				GCC_WARN_UNUSED_VARIABLE = YES;
				IPHONEOS_DEPLOYMENT_TARGET = 14.5;
				MTL_ENABLE_DEBUG_INFO = NO;
				MTL_FAST_MATH = YES;
				SDKROOT = iphoneos;
				SWIFT_COMPILATION_MODE = wholemodule;
				SWIFT_OPTIMIZATION_LEVEL = "-O";
				VALIDATE_PRODUCT = YES;
			};
			name = Release;
		};
		F94C388C26FCEBB7002496C2 /* Debug */ = {
			isa = XCBuildConfiguration;
			buildSettings = {
				ASSETCATALOG_COMPILER_APPICON_NAME = AppIcon;
				ASSETCATALOG_COMPILER_GLOBAL_ACCENT_COLOR_NAME = AccentColor;
				CODE_SIGN_STYLE = Automatic;
				DEVELOPMENT_ASSET_PATHS = "\"ContactAppSwiftUI/Preview Content\"";
				DEVELOPMENT_TEAM = R2TF4J9L8G;
				ENABLE_PREVIEWS = YES;
				INFOPLIST_FILE = ContactAppSwiftUI/Info.plist;
				IPHONEOS_DEPLOYMENT_TARGET = 14.0;
				LD_RUNPATH_SEARCH_PATHS = (
					"$(inherited)",
					"@executable_path/Frameworks",
				);
				PRODUCT_BUNDLE_IDENTIFIER = "ru.swiftbook.MakarovVN-HW3.5.ContactAppSwiftUI";
				PRODUCT_NAME = "$(TARGET_NAME)";
				SWIFT_VERSION = 5.0;
				TARGETED_DEVICE_FAMILY = "1,2";
			};
			name = Debug;
		};
		F94C388D26FCEBB7002496C2 /* Release */ = {
			isa = XCBuildConfiguration;
			buildSettings = {
				ASSETCATALOG_COMPILER_APPICON_NAME = AppIcon;
				ASSETCATALOG_COMPILER_GLOBAL_ACCENT_COLOR_NAME = AccentColor;
				CODE_SIGN_STYLE = Automatic;
				DEVELOPMENT_ASSET_PATHS = "\"ContactAppSwiftUI/Preview Content\"";
				DEVELOPMENT_TEAM = R2TF4J9L8G;
				ENABLE_PREVIEWS = YES;
				INFOPLIST_FILE = ContactAppSwiftUI/Info.plist;
				IPHONEOS_DEPLOYMENT_TARGET = 14.0;
				LD_RUNPATH_SEARCH_PATHS = (
					"$(inherited)",
					"@executable_path/Frameworks",
				);
				PRODUCT_BUNDLE_IDENTIFIER = "ru.swiftbook.MakarovVN-HW3.5.ContactAppSwiftUI";
				PRODUCT_NAME = "$(TARGET_NAME)";
				SWIFT_VERSION = 5.0;
				TARGETED_DEVICE_FAMILY = "1,2";
			};
			name = Release;
		};
/* End XCBuildConfiguration section */

/* Begin XCConfigurationList section */
		F94C387726FCEBB2002496C2 /* Build configuration list for PBXProject "ContactAppSwiftUI" */ = {
			isa = XCConfigurationList;
			buildConfigurations = (
				F94C388926FCEBB7002496C2 /* Debug */,
				F94C388A26FCEBB7002496C2 /* Release */,
			);
			defaultConfigurationIsVisible = 0;
			defaultConfigurationName = Release;
		};
		F94C388B26FCEBB7002496C2 /* Build configuration list for PBXNativeTarget "ContactAppSwiftUI" */ = {
			isa = XCConfigurationList;
			buildConfigurations = (
				F94C388C26FCEBB7002496C2 /* Debug */,
				F94C388D26FCEBB7002496C2 /* Release */,
			);
			defaultConfigurationIsVisible = 0;
			defaultConfigurationName = Release;
		};
/* End XCConfigurationList section */
	};
	rootObject = F94C387426FCEBB2002496C2 /* Project object */;
}
